
Microsoft Visual Studio Solution File, Format Version 12.00
# Visual Studio Version 17
VisualStudioVersion = 17.0.31903.59
MinimumVisualStudioVersion = 10.0.40219.1
Project("{FAE04EC0-301F-11D3-BF4B-00C04F79EFBC}") = "Waterfront.Acl.Static.Models", "src\Waterfront.Acl.Static.Models\Waterfront.Acl.Static.Models.csproj", "{5AF80E60-B773-4DFD-B617-48BBD61ABA51}"
EndProject
Project("{FAE04EC0-301F-11D3-BF4B-00C04F79EFBC}") = "Waterfront.Acl.Static", "src\Waterfront.Acl.Static\Waterfront.Acl.Static.csproj", "{7109DCA3-A642-4A0C-ACF0-561D6CA8E2F6}"
EndProject
Global
	GlobalSection(SolutionConfigurationPlatforms) = preSolution
		Debug|Any CPU = Debug|Any CPU
		Release|Any CPU = Release|Any CPU
	EndGlobalSection
	GlobalSection(SolutionProperties) = preSolution
		HideSolutionNode = FALSE
	EndGlobalSection
	GlobalSection(ProjectConfigurationPlatforms) = postSolution
		{5AF80E60-B773-4DFD-B617-48BBD61ABA51}.Debug|Any CPU.ActiveCfg = Debug|Any CPU
		{5AF80E60-B773-4DFD-B617-48BBD61ABA51}.Debug|Any CPU.Build.0 = Debug|Any CPU
		{5AF80E60-B773-4DFD-B617-48BBD61ABA51}.Release|Any CPU.ActiveCfg = Release|Any CPU
		{5AF80E60-B773-4DFD-B617-48BBD61ABA51}.Release|Any CPU.Build.0 = Release|Any CPU
		{7109DCA3-A642-4A0C-ACF0-561D6CA8E2F6}.Debug|Any CPU.ActiveCfg = Debug|Any CPU
		{7109DCA3-A642-4A0C-ACF0-561D6CA8E2F6}.Debug|Any CPU.Build.0 = Debug|Any CPU
		{7109DCA3-A642-4A0C-ACF0-561D6CA8E2F6}.Release|Any CPU.ActiveCfg = Release|Any CPU
		{7109DCA3-A642-4A0C-ACF0-561D6CA8E2F6}.Release|Any CPU.Build.0 = Release|Any CPU
	EndGlobalSection
EndGlobal
